// !$*UTF8*$!
{
	archiveVersion = 1;
	classes = {
	};
	objectVersion = 46;
	objects = {

/* Begin PBXBuildFile section */
		853323A61C97760700C9EFB2 /* AudioToolbox.framework in Frameworks */ = {isa = PBXBuildFile; fileRef = 853323A51C97760700C9EFB2 /* AudioToolbox.framework */; };
		853323A81C97760F00C9EFB2 /* CFNetwork.framework in Frameworks */ = {isa = PBXBuildFile; fileRef = 853323A71C97760F00C9EFB2 /* CFNetwork.framework */; };
		853323AA1C97761900C9EFB2 /* CoreGraphics.framework in Frameworks */ = {isa = PBXBuildFile; fileRef = 853323A91C97761900C9EFB2 /* CoreGraphics.framework */; };
		853323AC1C97762400C9EFB2 /* CoreLocation.framework in Frameworks */ = {isa = PBXBuildFile; fileRef = 853323AB1C97762400C9EFB2 /* CoreLocation.framework */; };
		853323AE1C97762B00C9EFB2 /* QuartzCore.framework in Frameworks */ = {isa = PBXBuildFile; fileRef = 853323AD1C97762B00C9EFB2 /* QuartzCore.framework */; };
		853323B01C97763300C9EFB2 /* Security.framework in Frameworks */ = {isa = PBXBuildFile; fileRef = 853323AF1C97763300C9EFB2 /* Security.framework */; };
		853323B21C97763900C9EFB2 /* StoreKit.framework in Frameworks */ = {isa = PBXBuildFile; fileRef = 853323B11C97763900C9EFB2 /* StoreKit.framework */; };
		853323B41C97764500C9EFB2 /* SystemConfiguration.framework in Frameworks */ = {isa = PBXBuildFile; fileRef = 853323B31C97764500C9EFB2 /* SystemConfiguration.framework */; };
		853323B61C97765200C9EFB2 /* libz.tbd in Frameworks */ = {isa = PBXBuildFile; fileRef = 853323B51C97765200C9EFB2 /* libz.tbd */; };
		853323B81C97765B00C9EFB2 /* libsqlite3.tbd in Frameworks */ = {isa = PBXBuildFile; fileRef = 853323B71C97765B00C9EFB2 /* libsqlite3.tbd */; };
		853323BA1C97778800C9EFB2 /* LoginViewController.swift in Sources */ = {isa = PBXBuildFile; fileRef = 853323B91C97778800C9EFB2 /* LoginViewController.swift */; };
		853323CA1C9A6CC100C9EFB2 /* ModifyWorkoutExerciseViewCell.swift in Sources */ = {isa = PBXBuildFile; fileRef = 853323C91C9A6CC100C9EFB2 /* ModifyWorkoutExerciseViewCell.swift */; };
		853323D61C9BCC9B00C9EFB2 /* weight.png in Resources */ = {isa = PBXBuildFile; fileRef = 853323D31C9BCC9B00C9EFB2 /* weight.png */; };
		853323D71C9BCC9B00C9EFB2 /* weight@2x.png in Resources */ = {isa = PBXBuildFile; fileRef = 853323D41C9BCC9B00C9EFB2 /* weight@2x.png */; };
		853323D81C9BCC9B00C9EFB2 /* weight@3x.png in Resources */ = {isa = PBXBuildFile; fileRef = 853323D51C9BCC9B00C9EFB2 /* weight@3x.png */; };
		853323DE1C9CE71A00C9EFB2 /* TodaysWorkoutExerciseCell.swift in Sources */ = {isa = PBXBuildFile; fileRef = 853323DD1C9CE71A00C9EFB2 /* TodaysWorkoutExerciseCell.swift */; };
		853323E21C9CF90200C9EFB2 /* ReloadViewDelegate.swift in Sources */ = {isa = PBXBuildFile; fileRef = 853323E11C9CF90200C9EFB2 /* ReloadViewDelegate.swift */; };
		857F7A901CB8967D001F964C /* TabBarViewController.swift in Sources */ = {isa = PBXBuildFile; fileRef = 857F7A8F1CB8967D001F964C /* TabBarViewController.swift */; };
		857F7A921CB8BD2A001F964C /* HistoryScrollViewController.swift in Sources */ = {isa = PBXBuildFile; fileRef = 857F7A911CB8BD2A001F964C /* HistoryScrollViewController.swift */; };
		857F7A981CBADF26001F964C /* Workout.swift in Sources */ = {isa = PBXBuildFile; fileRef = 857F7A971CBADF26001F964C /* Workout.swift */; };
		857F7AA81CC17469001F964C /* ExerciseTableCell.xib in Resources */ = {isa = PBXBuildFile; fileRef = 857F7AA71CC17469001F964C /* ExerciseTableCell.xib */; };
		857F7AAA1CC1768D001F964C /* ExerciseTableViewCell.swift in Sources */ = {isa = PBXBuildFile; fileRef = 857F7AA91CC1768D001F964C /* ExerciseTableViewCell.swift */; };
		B20C67F21C7E704000D11A22 /* AppDelegate.swift in Sources */ = {isa = PBXBuildFile; fileRef = B20C67F11C7E704000D11A22 /* AppDelegate.swift */; };
		B20C67FA1C7E704000D11A22 /* Gainz.xcdatamodeld in Sources */ = {isa = PBXBuildFile; fileRef = B20C67F81C7E704000D11A22 /* Gainz.xcdatamodeld */; };
		B20C67FC1C7E704000D11A22 /* Assets.xcassets in Resources */ = {isa = PBXBuildFile; fileRef = B20C67FB1C7E704000D11A22 /* Assets.xcassets */; };
		B20C67FF1C7E704000D11A22 /* LaunchScreen.storyboard in Resources */ = {isa = PBXBuildFile; fileRef = B20C67FD1C7E704000D11A22 /* LaunchScreen.storyboard */; };
		B2577B601CB8A19C00B19606 /* Bolts.framework in Frameworks */ = {isa = PBXBuildFile; fileRef = B2577B5D1CB8A19C00B19606 /* Bolts.framework */; };
		B2577B611CB8A19C00B19606 /* Parse.framework in Frameworks */ = {isa = PBXBuildFile; fileRef = B2577B5E1CB8A19C00B19606 /* Parse.framework */; };
		B2577B621CB8A19C00B19606 /* ParseUI.framework in Frameworks */ = {isa = PBXBuildFile; fileRef = B2577B5F1CB8A19C00B19606 /* ParseUI.framework */; };
		B254D1691CAEEC4B00E8F89E /* orange.png in Resources */ = {isa = PBXBuildFile; fileRef = B254D1661CAEEC4B00E8F89E /* orange.png */; };
		B254D16A1CAEEC4B00E8F89E /* red.png in Resources */ = {isa = PBXBuildFile; fileRef = B254D1671CAEEC4B00E8F89E /* red.png */; };
		B254D16B1CAEEC4B00E8F89E /* green.png in Resources */ = {isa = PBXBuildFile; fileRef = B254D1681CAEEC4B00E8F89E /* green.png */; };
		B2DFDFA61C99EDC7006F5ED3 /* ModifyWorkoutsViewController.swift in Sources */ = {isa = PBXBuildFile; fileRef = B2DFDFA51C99EDC7006F5ED3 /* ModifyWorkoutsViewController.swift */; };
		B2DFDFA81C99EFF4006F5ED3 /* CreateAccountViewController.swift in Sources */ = {isa = PBXBuildFile; fileRef = B2DFDFA71C99EFF4006F5ED3 /* CreateAccountViewController.swift */; };
		B2DFDFAD1C9A28AD006F5ED3 /* Main.storyboard in Resources */ = {isa = PBXBuildFile; fileRef = B2DFDFAB1C9A28AD006F5ED3 /* Main.storyboard */; };
		B2DFDFC01C9A3AE6006F5ED3 /* barbells.jpg in Resources */ = {isa = PBXBuildFile; fileRef = B2DFDFBF1C9A3AE6006F5ED3 /* barbells.jpg */; };
		B2DFDFC81C9DE8CC006F5ED3 /* SettingsTableViewController.swift in Sources */ = {isa = PBXBuildFile; fileRef = B2DFDFC71C9DE8CC006F5ED3 /* SettingsTableViewController.swift */; };
		B2DFDFD21CA1D60E006F5ED3 /* today@2x.png in Resources */ = {isa = PBXBuildFile; fileRef = B2DFDFD11CA1D60E006F5ED3 /* today@2x.png */; };
		B2DFDFD41CA1D6C4006F5ED3 /* today.png in Resources */ = {isa = PBXBuildFile; fileRef = B2DFDFD31CA1D6C4006F5ED3 /* today.png */; };
		B2DFDFD61CA1D892006F5ED3 /* barbell@2x.png in Resources */ = {isa = PBXBuildFile; fileRef = B2DFDFD51CA1D892006F5ED3 /* barbell@2x.png */; };
		B2DFDFD81CA1D8B2006F5ED3 /* barbell.png in Resources */ = {isa = PBXBuildFile; fileRef = B2DFDFD71CA1D8B2006F5ED3 /* barbell.png */; };
		B2DFDFDA1CA1D8F0006F5ED3 /* prev@2x.png in Resources */ = {isa = PBXBuildFile; fileRef = B2DFDFD91CA1D8F0006F5ED3 /* prev@2x.png */; };
		B2DFDFDC1CA1D909006F5ED3 /* prev.png in Resources */ = {isa = PBXBuildFile; fileRef = B2DFDFDB1CA1D909006F5ED3 /* prev.png */; };
		B2DFDFE21CA1DA40006F5ED3 /* settings@2x.png in Resources */ = {isa = PBXBuildFile; fileRef = B2DFDFE11CA1DA40006F5ED3 /* settings@2x.png */; };
		B2DFDFE41CA1DA5D006F5ED3 /* settings.png in Resources */ = {isa = PBXBuildFile; fileRef = B2DFDFE31CA1DA5D006F5ED3 /* settings.png */; };
		B2DFDFF01CA2624A006F5ED3 /* TodayTableViewController.swift in Sources */ = {isa = PBXBuildFile; fileRef = B2DFDFEF1CA2624A006F5ED3 /* TodayTableViewController.swift */; };
/* End PBXBuildFile section */

/* Begin PBXFileReference section */
		853323A51C97760700C9EFB2 /* AudioToolbox.framework */ = {isa = PBXFileReference; lastKnownFileType = wrapper.framework; name = AudioToolbox.framework; path = System/Library/Frameworks/AudioToolbox.framework; sourceTree = SDKROOT; };
		853323A71C97760F00C9EFB2 /* CFNetwork.framework */ = {isa = PBXFileReference; lastKnownFileType = wrapper.framework; name = CFNetwork.framework; path = System/Library/Frameworks/CFNetwork.framework; sourceTree = SDKROOT; };
		853323A91C97761900C9EFB2 /* CoreGraphics.framework */ = {isa = PBXFileReference; lastKnownFileType = wrapper.framework; name = CoreGraphics.framework; path = System/Library/Frameworks/CoreGraphics.framework; sourceTree = SDKROOT; };
		853323AB1C97762400C9EFB2 /* CoreLocation.framework */ = {isa = PBXFileReference; lastKnownFileType = wrapper.framework; name = CoreLocation.framework; path = System/Library/Frameworks/CoreLocation.framework; sourceTree = SDKROOT; };
		853323AD1C97762B00C9EFB2 /* QuartzCore.framework */ = {isa = PBXFileReference; lastKnownFileType = wrapper.framework; name = QuartzCore.framework; path = System/Library/Frameworks/QuartzCore.framework; sourceTree = SDKROOT; };
		853323AF1C97763300C9EFB2 /* Security.framework */ = {isa = PBXFileReference; lastKnownFileType = wrapper.framework; name = Security.framework; path = System/Library/Frameworks/Security.framework; sourceTree = SDKROOT; };
		853323B11C97763900C9EFB2 /* StoreKit.framework */ = {isa = PBXFileReference; lastKnownFileType = wrapper.framework; name = StoreKit.framework; path = System/Library/Frameworks/StoreKit.framework; sourceTree = SDKROOT; };
		853323B31C97764500C9EFB2 /* SystemConfiguration.framework */ = {isa = PBXFileReference; lastKnownFileType = wrapper.framework; name = SystemConfiguration.framework; path = System/Library/Frameworks/SystemConfiguration.framework; sourceTree = SDKROOT; };
		853323B51C97765200C9EFB2 /* libz.tbd */ = {isa = PBXFileReference; lastKnownFileType = "sourcecode.text-based-dylib-definition"; name = libz.tbd; path = usr/lib/libz.tbd; sourceTree = SDKROOT; };
		853323B71C97765B00C9EFB2 /* libsqlite3.tbd */ = {isa = PBXFileReference; lastKnownFileType = "sourcecode.text-based-dylib-definition"; name = libsqlite3.tbd; path = usr/lib/libsqlite3.tbd; sourceTree = SDKROOT; };
		853323B91C97778800C9EFB2 /* LoginViewController.swift */ = {isa = PBXFileReference; fileEncoding = 4; lastKnownFileType = sourcecode.swift; path = LoginViewController.swift; sourceTree = "<group>"; };
		853323C91C9A6CC100C9EFB2 /* ModifyWorkoutExerciseViewCell.swift */ = {isa = PBXFileReference; fileEncoding = 4; lastKnownFileType = sourcecode.swift; path = ModifyWorkoutExerciseViewCell.swift; sourceTree = "<group>"; };
		853323D31C9BCC9B00C9EFB2 /* weight.png */ = {isa = PBXFileReference; lastKnownFileType = image.png; path = weight.png; sourceTree = "<group>"; };
		853323D41C9BCC9B00C9EFB2 /* weight@2x.png */ = {isa = PBXFileReference; lastKnownFileType = image.png; path = "weight@2x.png"; sourceTree = "<group>"; };
		853323D51C9BCC9B00C9EFB2 /* weight@3x.png */ = {isa = PBXFileReference; lastKnownFileType = image.png; path = "weight@3x.png"; sourceTree = "<group>"; };
		853323DD1C9CE71A00C9EFB2 /* TodaysWorkoutExerciseCell.swift */ = {isa = PBXFileReference; fileEncoding = 4; lastKnownFileType = sourcecode.swift; path = TodaysWorkoutExerciseCell.swift; sourceTree = "<group>"; };
		853323E11C9CF90200C9EFB2 /* ReloadViewDelegate.swift */ = {isa = PBXFileReference; fileEncoding = 4; lastKnownFileType = sourcecode.swift; path = ReloadViewDelegate.swift; sourceTree = "<group>"; };
		857F7A8F1CB8967D001F964C /* TabBarViewController.swift */ = {isa = PBXFileReference; fileEncoding = 4; lastKnownFileType = sourcecode.swift; path = TabBarViewController.swift; sourceTree = "<group>"; };
		857F7A911CB8BD2A001F964C /* HistoryScrollViewController.swift */ = {isa = PBXFileReference; fileEncoding = 4; lastKnownFileType = sourcecode.swift; path = HistoryScrollViewController.swift; sourceTree = "<group>"; };
		857F7A971CBADF26001F964C /* Workout.swift */ = {isa = PBXFileReference; fileEncoding = 4; lastKnownFileType = sourcecode.swift; path = Workout.swift; sourceTree = "<group>"; };
		857F7AA71CC17469001F964C /* ExerciseTableCell.xib */ = {isa = PBXFileReference; fileEncoding = 4; lastKnownFileType = file.xib; path = ExerciseTableCell.xib; sourceTree = "<group>"; };
		857F7AA91CC1768D001F964C /* ExerciseTableViewCell.swift */ = {isa = PBXFileReference; fileEncoding = 4; lastKnownFileType = sourcecode.swift; path = ExerciseTableViewCell.swift; sourceTree = "<group>"; };
		B20C67EE1C7E704000D11A22 /* Gainz.app */ = {isa = PBXFileReference; explicitFileType = wrapper.application; includeInIndex = 0; path = Gainz.app; sourceTree = BUILT_PRODUCTS_DIR; };
		B20C67F11C7E704000D11A22 /* AppDelegate.swift */ = {isa = PBXFileReference; lastKnownFileType = sourcecode.swift; path = AppDelegate.swift; sourceTree = "<group>"; };
		B20C67F91C7E704000D11A22 /* Gainz.xcdatamodel */ = {isa = PBXFileReference; lastKnownFileType = wrapper.xcdatamodel; path = Gainz.xcdatamodel; sourceTree = "<group>"; };
		B20C67FB1C7E704000D11A22 /* Assets.xcassets */ = {isa = PBXFileReference; lastKnownFileType = folder.assetcatalog; path = Assets.xcassets; sourceTree = "<group>"; };
		B20C67FE1C7E704000D11A22 /* Base */ = {isa = PBXFileReference; lastKnownFileType = file.storyboard; name = Base; path = Base.lproj/LaunchScreen.storyboard; sourceTree = "<group>"; };
		B20C68001C7E704000D11A22 /* Info.plist */ = {isa = PBXFileReference; lastKnownFileType = text.plist.xml; path = Info.plist; sourceTree = "<group>"; };
		B2577B5D1CB8A19C00B19606 /* Bolts.framework */ = {isa = PBXFileReference; lastKnownFileType = wrapper.framework; path = Bolts.framework; sourceTree = "<group>"; };
		B2577B5E1CB8A19C00B19606 /* Parse.framework */ = {isa = PBXFileReference; lastKnownFileType = wrapper.framework; path = Parse.framework; sourceTree = "<group>"; };
		B2577B5F1CB8A19C00B19606 /* ParseUI.framework */ = {isa = PBXFileReference; lastKnownFileType = wrapper.framework; path = ParseUI.framework; sourceTree = "<group>"; };
		B254D1661CAEEC4B00E8F89E /* orange.png */ = {isa = PBXFileReference; lastKnownFileType = image.png; path = orange.png; sourceTree = "<group>"; };
		B254D1671CAEEC4B00E8F89E /* red.png */ = {isa = PBXFileReference; lastKnownFileType = image.png; path = red.png; sourceTree = "<group>"; };
		B254D1681CAEEC4B00E8F89E /* green.png */ = {isa = PBXFileReference; lastKnownFileType = image.png; path = green.png; sourceTree = "<group>"; };
		B2DFDFA51C99EDC7006F5ED3 /* ModifyWorkoutsViewController.swift */ = {isa = PBXFileReference; fileEncoding = 4; lastKnownFileType = sourcecode.swift; path = ModifyWorkoutsViewController.swift; sourceTree = "<group>"; };
		B2DFDFA71C99EFF4006F5ED3 /* CreateAccountViewController.swift */ = {isa = PBXFileReference; fileEncoding = 4; lastKnownFileType = sourcecode.swift; path = CreateAccountViewController.swift; sourceTree = "<group>"; };
		B2DFDFAC1C9A28AD006F5ED3 /* Base */ = {isa = PBXFileReference; lastKnownFileType = file.storyboard; name = Base; path = Base.lproj/Main.storyboard; sourceTree = "<group>"; };
		B2DFDFBF1C9A3AE6006F5ED3 /* barbells.jpg */ = {isa = PBXFileReference; lastKnownFileType = image.jpeg; path = barbells.jpg; sourceTree = "<group>"; };
		B2DFDFC71C9DE8CC006F5ED3 /* SettingsTableViewController.swift */ = {isa = PBXFileReference; fileEncoding = 4; lastKnownFileType = sourcecode.swift; path = SettingsTableViewController.swift; sourceTree = "<group>"; };
		B2DFDFD11CA1D60E006F5ED3 /* today@2x.png */ = {isa = PBXFileReference; lastKnownFileType = image.png; path = "today@2x.png"; sourceTree = "<group>"; };
		B2DFDFD31CA1D6C4006F5ED3 /* today.png */ = {isa = PBXFileReference; lastKnownFileType = image.png; path = today.png; sourceTree = "<group>"; };
		B2DFDFD51CA1D892006F5ED3 /* barbell@2x.png */ = {isa = PBXFileReference; lastKnownFileType = image.png; path = "barbell@2x.png"; sourceTree = "<group>"; };
		B2DFDFD71CA1D8B2006F5ED3 /* barbell.png */ = {isa = PBXFileReference; lastKnownFileType = image.png; path = barbell.png; sourceTree = "<group>"; };
		B2DFDFD91CA1D8F0006F5ED3 /* prev@2x.png */ = {isa = PBXFileReference; lastKnownFileType = image.png; path = "prev@2x.png"; sourceTree = "<group>"; };
		B2DFDFDB1CA1D909006F5ED3 /* prev.png */ = {isa = PBXFileReference; lastKnownFileType = image.png; path = prev.png; sourceTree = "<group>"; };
		B2DFDFE11CA1DA40006F5ED3 /* settings@2x.png */ = {isa = PBXFileReference; lastKnownFileType = image.png; path = "settings@2x.png"; sourceTree = "<group>"; };
		B2DFDFE31CA1DA5D006F5ED3 /* settings.png */ = {isa = PBXFileReference; lastKnownFileType = image.png; path = settings.png; sourceTree = "<group>"; };
		B2DFDFEF1CA2624A006F5ED3 /* TodayTableViewController.swift */ = {isa = PBXFileReference; fileEncoding = 4; lastKnownFileType = sourcecode.swift; path = TodayTableViewController.swift; sourceTree = "<group>"; };
/* End PBXFileReference section */

/* Begin PBXFrameworksBuildPhase section */
		B20C67EB1C7E704000D11A22 /* Frameworks */ = {
			isa = PBXFrameworksBuildPhase;
			buildActionMask = 2147483647;
			files = (
				853323B81C97765B00C9EFB2 /* libsqlite3.tbd in Frameworks */,
				853323B61C97765200C9EFB2 /* libz.tbd in Frameworks */,
				853323B41C97764500C9EFB2 /* SystemConfiguration.framework in Frameworks */,
				853323B21C97763900C9EFB2 /* StoreKit.framework in Frameworks */,
				853323B01C97763300C9EFB2 /* Security.framework in Frameworks */,
				853323AE1C97762B00C9EFB2 /* QuartzCore.framework in Frameworks */,
				853323AC1C97762400C9EFB2 /* CoreLocation.framework in Frameworks */,
				853323AA1C97761900C9EFB2 /* CoreGraphics.framework in Frameworks */,
				B2577B601CB8A19C00B19606 /* Bolts.framework in Frameworks */,
				853323A81C97760F00C9EFB2 /* CFNetwork.framework in Frameworks */,
				B2577B611CB8A19C00B19606 /* Parse.framework in Frameworks */,
				853323A61C97760700C9EFB2 /* AudioToolbox.framework in Frameworks */,
				B2577B621CB8A19C00B19606 /* ParseUI.framework in Frameworks */,
			);
			runOnlyForDeploymentPostprocessing = 0;
		};
/* End PBXFrameworksBuildPhase section */

/* Begin PBXGroup section */
		853323A01C97756D00C9EFB2 /* Frameworks */ = {
			isa = PBXGroup;
			children = (
				853323B71C97765B00C9EFB2 /* libsqlite3.tbd */,
				853323B51C97765200C9EFB2 /* libz.tbd */,
				B2577B5D1CB8A19C00B19606 /* Bolts.framework */,
				B2577B5E1CB8A19C00B19606 /* Parse.framework */,
				B2577B5F1CB8A19C00B19606 /* ParseUI.framework */,
				853323B31C97764500C9EFB2 /* SystemConfiguration.framework */,
				853323B11C97763900C9EFB2 /* StoreKit.framework */,
				853323AF1C97763300C9EFB2 /* Security.framework */,
				853323AD1C97762B00C9EFB2 /* QuartzCore.framework */,
				853323AB1C97762400C9EFB2 /* CoreLocation.framework */,
				853323A91C97761900C9EFB2 /* CoreGraphics.framework */,
				853323A71C97760F00C9EFB2 /* CFNetwork.framework */,
				853323A51C97760700C9EFB2 /* AudioToolbox.framework */,
			);
			name = Frameworks;
			path = Gainz;
			sourceTree = "<group>";
		};
		B20C67E51C7E704000D11A22 = {
			isa = PBXGroup;
			children = (
				857F7AA71CC17469001F964C /* ExerciseTableCell.xib */,
				B20C67F01C7E704000D11A22 /* Gainz */,
				B20C67EF1C7E704000D11A22 /* Products */,
				853323A01C97756D00C9EFB2 /* Frameworks */,
			);
			sourceTree = "<group>";
		};
		B20C67EF1C7E704000D11A22 /* Products */ = {
			isa = PBXGroup;
			children = (
				B20C67EE1C7E704000D11A22 /* Gainz.app */,
			);
			name = Products;
			sourceTree = "<group>";
		};
		B20C67F01C7E704000D11A22 /* Gainz */ = {
			isa = PBXGroup;
			children = (
				B2DFDFB61C9A3969006F5ED3 /* Images */,
				B20C67F11C7E704000D11A22 /* AppDelegate.swift */,
				857F7A911CB8BD2A001F964C /* HistoryScrollViewController.swift */,
				857F7A971CBADF26001F964C /* Workout.swift */,
				857F7A8F1CB8967D001F964C /* TabBarViewController.swift */,
				B2DFDFAB1C9A28AD006F5ED3 /* Main.storyboard */,
				B2DFDFC71C9DE8CC006F5ED3 /* SettingsTableViewController.swift */,
				853323B91C97778800C9EFB2 /* LoginViewController.swift */,
				B2DFDFA71C99EFF4006F5ED3 /* CreateAccountViewController.swift */,
				B20C67FB1C7E704000D11A22 /* Assets.xcassets */,
				B20C67FD1C7E704000D11A22 /* LaunchScreen.storyboard */,
				B20C68001C7E704000D11A22 /* Info.plist */,
				B20C67F81C7E704000D11A22 /* Gainz.xcdatamodeld */,
				853323E11C9CF90200C9EFB2 /* ReloadViewDelegate.swift */,
				B2DFDFA51C99EDC7006F5ED3 /* ModifyWorkoutsViewController.swift */,
				853323C91C9A6CC100C9EFB2 /* ModifyWorkoutExerciseViewCell.swift */,
				B2DFDFEF1CA2624A006F5ED3 /* TodayTableViewController.swift */,
				853323DD1C9CE71A00C9EFB2 /* TodaysWorkoutExerciseCell.swift */,
				857F7AA91CC1768D001F964C /* ExerciseTableViewCell.swift */,
			);
			path = Gainz;
			sourceTree = "<group>";
		};
		B2DFDFB61C9A3969006F5ED3 /* Images */ = {
			isa = PBXGroup;
			children = (
				B254D1661CAEEC4B00E8F89E /* orange.png */,
				B254D1671CAEEC4B00E8F89E /* red.png */,
				B254D1681CAEEC4B00E8F89E /* green.png */,
				B2DFDFE31CA1DA5D006F5ED3 /* settings.png */,
				B2DFDFE11CA1DA40006F5ED3 /* settings@2x.png */,
				B2DFDFDB1CA1D909006F5ED3 /* prev.png */,
				B2DFDFD91CA1D8F0006F5ED3 /* prev@2x.png */,
				B2DFDFD71CA1D8B2006F5ED3 /* barbell.png */,
				B2DFDFD51CA1D892006F5ED3 /* barbell@2x.png */,
				B2DFDFD31CA1D6C4006F5ED3 /* today.png */,
				B2DFDFD11CA1D60E006F5ED3 /* today@2x.png */,
				853323D31C9BCC9B00C9EFB2 /* weight.png */,
				853323D41C9BCC9B00C9EFB2 /* weight@2x.png */,
				853323D51C9BCC9B00C9EFB2 /* weight@3x.png */,
				B2DFDFBF1C9A3AE6006F5ED3 /* barbells.jpg */,
			);
			name = Images;
			sourceTree = "<group>";
		};
/* End PBXGroup section */

/* Begin PBXNativeTarget section */
		B20C67ED1C7E704000D11A22 /* Gainz */ = {
			isa = PBXNativeTarget;
			buildConfigurationList = B20C68031C7E704000D11A22 /* Build configuration list for PBXNativeTarget "Gainz" */;
			buildPhases = (
				B20C67EA1C7E704000D11A22 /* Sources */,
				B20C67EB1C7E704000D11A22 /* Frameworks */,
				B20C67EC1C7E704000D11A22 /* Resources */,
			);
			buildRules = (
			);
			dependencies = (
			);
			name = Gainz;
			productName = Gainz;
			productReference = B20C67EE1C7E704000D11A22 /* Gainz.app */;
			productType = "com.apple.product-type.application";
		};
/* End PBXNativeTarget section */

/* Begin PBXProject section */
		B20C67E61C7E704000D11A22 /* Project object */ = {
			isa = PBXProject;
			attributes = {
				LastSwiftUpdateCheck = 0720;
				LastUpgradeCheck = 0720;
				ORGANIZATIONNAME = cs378;
				TargetAttributes = {
					B20C67ED1C7E704000D11A22 = {
						CreatedOnToolsVersion = 7.2;
					};
				};
			};
			buildConfigurationList = B20C67E91C7E704000D11A22 /* Build configuration list for PBXProject "Gainz" */;
			compatibilityVersion = "Xcode 3.2";
			developmentRegion = English;
			hasScannedForEncodings = 0;
			knownRegions = (
				en,
				Base,
			);
			mainGroup = B20C67E51C7E704000D11A22;
			productRefGroup = B20C67EF1C7E704000D11A22 /* Products */;
			projectDirPath = "";
			projectRoot = "";
			targets = (
				B20C67ED1C7E704000D11A22 /* Gainz */,
			);
		};
/* End PBXProject section */

/* Begin PBXResourcesBuildPhase section */
		B20C67EC1C7E704000D11A22 /* Resources */ = {
			isa = PBXResourcesBuildPhase;
			buildActionMask = 2147483647;
			files = (
				B2DFDFE21CA1DA40006F5ED3 /* settings@2x.png in Resources */,
				B2DFDFD81CA1D8B2006F5ED3 /* barbell.png in Resources */,
				B2DFDFAD1C9A28AD006F5ED3 /* Main.storyboard in Resources */,
				B2DFDFE41CA1DA5D006F5ED3 /* settings.png in Resources */,
				B254D16A1CAEEC4B00E8F89E /* red.png in Resources */,
				853323D81C9BCC9B00C9EFB2 /* weight@3x.png in Resources */,
				853323D71C9BCC9B00C9EFB2 /* weight@2x.png in Resources */,
				857F7AA81CC17469001F964C /* ExerciseTableCell.xib in Resources */,
				B2DFDFC01C9A3AE6006F5ED3 /* barbells.jpg in Resources */,
				B2DFDFD61CA1D892006F5ED3 /* barbell@2x.png in Resources */,
				853323D61C9BCC9B00C9EFB2 /* weight.png in Resources */,
				B254D1691CAEEC4B00E8F89E /* orange.png in Resources */,
				B2DFDFD21CA1D60E006F5ED3 /* today@2x.png in Resources */,
				B2DFDFDA1CA1D8F0006F5ED3 /* prev@2x.png in Resources */,
				B20C67FF1C7E704000D11A22 /* LaunchScreen.storyboard in Resources */,
				B20C67FC1C7E704000D11A22 /* Assets.xcassets in Resources */,
				B2DFDFDC1CA1D909006F5ED3 /* prev.png in Resources */,
				B2DFDFD41CA1D6C4006F5ED3 /* today.png in Resources */,
				B254D16B1CAEEC4B00E8F89E /* green.png in Resources */,
			);
			runOnlyForDeploymentPostprocessing = 0;
		};
/* End PBXResourcesBuildPhase section */

/* Begin PBXSourcesBuildPhase section */
		B20C67EA1C7E704000D11A22 /* Sources */ = {
			isa = PBXSourcesBuildPhase;
			buildActionMask = 2147483647;
			files = (
				B2DFDFF01CA2624A006F5ED3 /* TodayTableViewController.swift in Sources */,
				B2DFDFA81C99EFF4006F5ED3 /* CreateAccountViewController.swift in Sources */,
				857F7A921CB8BD2A001F964C /* HistoryScrollViewController.swift in Sources */,
				857F7A901CB8967D001F964C /* TabBarViewController.swift in Sources */,
				853323BA1C97778800C9EFB2 /* LoginViewController.swift in Sources */,
				857F7AAA1CC1768D001F964C /* ExerciseTableViewCell.swift in Sources */,
				853323CA1C9A6CC100C9EFB2 /* ModifyWorkoutExerciseViewCell.swift in Sources */,
				B20C67FA1C7E704000D11A22 /* Gainz.xcdatamodeld in Sources */,
				853323DE1C9CE71A00C9EFB2 /* TodaysWorkoutExerciseCell.swift in Sources */,
				857F7A981CBADF26001F964C /* Workout.swift in Sources */,
				B2DFDFA61C99EDC7006F5ED3 /* ModifyWorkoutsViewController.swift in Sources */,
				B2DFDFC81C9DE8CC006F5ED3 /* SettingsTableViewController.swift in Sources */,
				B20C67F21C7E704000D11A22 /* AppDelegate.swift in Sources */,
				853323E21C9CF90200C9EFB2 /* ReloadViewDelegate.swift in Sources */,
			);
			runOnlyForDeploymentPostprocessing = 0;
		};
/* End PBXSourcesBuildPhase section */

/* Begin PBXVariantGroup section */
		B20C67FD1C7E704000D11A22 /* LaunchScreen.storyboard */ = {
			isa = PBXVariantGroup;
			children = (
				B20C67FE1C7E704000D11A22 /* Base */,
			);
			name = LaunchScreen.storyboard;
			sourceTree = "<group>";
		};
		B2DFDFAB1C9A28AD006F5ED3 /* Main.storyboard */ = {
			isa = PBXVariantGroup;
			children = (
				B2DFDFAC1C9A28AD006F5ED3 /* Base */,
			);
			name = Main.storyboard;
			sourceTree = "<group>";
		};
/* End PBXVariantGroup section */

/* Begin XCBuildConfiguration section */
		B20C68011C7E704000D11A22 /* Debug */ = {
			isa = XCBuildConfiguration;
			buildSettings = {
				ALWAYS_SEARCH_USER_PATHS = NO;
				CLANG_CXX_LANGUAGE_STANDARD = "gnu++0x";
				CLANG_CXX_LIBRARY = "libc++";
				CLANG_ENABLE_MODULES = YES;
				CLANG_ENABLE_OBJC_ARC = YES;
				CLANG_WARN_BOOL_CONVERSION = YES;
				CLANG_WARN_CONSTANT_CONVERSION = YES;
				CLANG_WARN_DIRECT_OBJC_ISA_USAGE = YES_ERROR;
				CLANG_WARN_EMPTY_BODY = YES;
				CLANG_WARN_ENUM_CONVERSION = YES;
				CLANG_WARN_INT_CONVERSION = YES;
				CLANG_WARN_OBJC_ROOT_CLASS = YES_ERROR;
				CLANG_WARN_UNREACHABLE_CODE = YES;
				CLANG_WARN__DUPLICATE_METHOD_MATCH = YES;
				"CODE_SIGN_IDENTITY[sdk=iphoneos*]" = "iPhone Developer";
				COPY_PHASE_STRIP = NO;
				DEBUG_INFORMATION_FORMAT = dwarf;
				ENABLE_STRICT_OBJC_MSGSEND = YES;
				ENABLE_TESTABILITY = YES;
				GCC_C_LANGUAGE_STANDARD = gnu99;
				GCC_DYNAMIC_NO_PIC = NO;
				GCC_NO_COMMON_BLOCKS = YES;
				GCC_OPTIMIZATION_LEVEL = 0;
				GCC_PREPROCESSOR_DEFINITIONS = (
					"DEBUG=1",
					"$(inherited)",
				);
				GCC_WARN_64_TO_32_BIT_CONVERSION = YES;
				GCC_WARN_ABOUT_RETURN_TYPE = YES_ERROR;
				GCC_WARN_UNDECLARED_SELECTOR = YES;
				GCC_WARN_UNINITIALIZED_AUTOS = YES_AGGRESSIVE;
				GCC_WARN_UNUSED_FUNCTION = YES;
				GCC_WARN_UNUSED_VARIABLE = YES;
				IPHONEOS_DEPLOYMENT_TARGET = 9.2;
				MTL_ENABLE_DEBUG_INFO = YES;
				ONLY_ACTIVE_ARCH = YES;
				SDKROOT = iphoneos;
				SWIFT_OPTIMIZATION_LEVEL = "-Onone";
				TARGETED_DEVICE_FAMILY = "1,2";
			};
			name = Debug;
		};
		B20C68021C7E704000D11A22 /* Release */ = {
			isa = XCBuildConfiguration;
			buildSettings = {
				ALWAYS_SEARCH_USER_PATHS = NO;
				CLANG_CXX_LANGUAGE_STANDARD = "gnu++0x";
				CLANG_CXX_LIBRARY = "libc++";
				CLANG_ENABLE_MODULES = YES;
				CLANG_ENABLE_OBJC_ARC = YES;
				CLANG_WARN_BOOL_CONVERSION = YES;
				CLANG_WARN_CONSTANT_CONVERSION = YES;
				CLANG_WARN_DIRECT_OBJC_ISA_USAGE = YES_ERROR;
				CLANG_WARN_EMPTY_BODY = YES;
				CLANG_WARN_ENUM_CONVERSION = YES;
				CLANG_WARN_INT_CONVERSION = YES;
				CLANG_WARN_OBJC_ROOT_CLASS = YES_ERROR;
				CLANG_WARN_UNREACHABLE_CODE = YES;
				CLANG_WARN__DUPLICATE_METHOD_MATCH = YES;
				"CODE_SIGN_IDENTITY[sdk=iphoneos*]" = "iPhone Developer";
				COPY_PHASE_STRIP = NO;
				DEBUG_INFORMATION_FORMAT = "dwarf-with-dsym";
				ENABLE_NS_ASSERTIONS = NO;
				ENABLE_STRICT_OBJC_MSGSEND = YES;
				GCC_C_LANGUAGE_STANDARD = gnu99;
				GCC_NO_COMMON_BLOCKS = YES;
				GCC_WARN_64_TO_32_BIT_CONVERSION = YES;
				GCC_WARN_ABOUT_RETURN_TYPE = YES_ERROR;
				GCC_WARN_UNDECLARED_SELECTOR = YES;
				GCC_WARN_UNINITIALIZED_AUTOS = YES_AGGRESSIVE;
				GCC_WARN_UNUSED_FUNCTION = YES;
				GCC_WARN_UNUSED_VARIABLE = YES;
				IPHONEOS_DEPLOYMENT_TARGET = 9.2;
				MTL_ENABLE_DEBUG_INFO = NO;
				SDKROOT = iphoneos;
				TARGETED_DEVICE_FAMILY = "1,2";
				VALIDATE_PRODUCT = YES;
			};
			name = Release;
		};
		B20C68041C7E704000D11A22 /* Debug */ = {
			isa = XCBuildConfiguration;
			buildSettings = {
				ASSETCATALOG_COMPILER_APPICON_NAME = AppIcon;
				FRAMEWORK_SEARCH_PATHS = (
					"$(inherited)",
					"$(PROJECT_DIR)/Gainz",
				);
				INFOPLIST_FILE = Gainz/Info.plist;
				LD_RUNPATH_SEARCH_PATHS = "$(inherited) @executable_path/Frameworks";
				PRODUCT_BUNDLE_IDENTIFIER = com.cs378.Gainz;
				PRODUCT_NAME = "$(TARGET_NAME)";
			};
			name = Debug;
		};
		B20C68051C7E704000D11A22 /* Release */ = {
			isa = XCBuildConfiguration;
			buildSettings = {
				ASSETCATALOG_COMPILER_APPICON_NAME = AppIcon;
				FRAMEWORK_SEARCH_PATHS = (
					"$(inherited)",
					"$(PROJECT_DIR)/Gainz",
				);
				INFOPLIST_FILE = Gainz/Info.plist;
				LD_RUNPATH_SEARCH_PATHS = "$(inherited) @executable_path/Frameworks";
				PRODUCT_BUNDLE_IDENTIFIER = com.cs378.Gainz;
				PRODUCT_NAME = "$(TARGET_NAME)";
			};
			name = Release;
		};
/* End XCBuildConfiguration section */

/* Begin XCConfigurationList section */
		B20C67E91C7E704000D11A22 /* Build configuration list for PBXProject "Gainz" */ = {
			isa = XCConfigurationList;
			buildConfigurations = (
				B20C68011C7E704000D11A22 /* Debug */,
				B20C68021C7E704000D11A22 /* Release */,
			);
			defaultConfigurationIsVisible = 0;
			defaultConfigurationName = Release;
		};
		B20C68031C7E704000D11A22 /* Build configuration list for PBXNativeTarget "Gainz" */ = {
			isa = XCConfigurationList;
			buildConfigurations = (
				B20C68041C7E704000D11A22 /* Debug */,
				B20C68051C7E704000D11A22 /* Release */,
			);
			defaultConfigurationIsVisible = 0;
			defaultConfigurationName = Release;
		};
/* End XCConfigurationList section */

/* Begin XCVersionGroup section */
		B20C67F81C7E704000D11A22 /* Gainz.xcdatamodeld */ = {
			isa = XCVersionGroup;
			children = (
				B20C67F91C7E704000D11A22 /* Gainz.xcdatamodel */,
			);
			currentVersion = B20C67F91C7E704000D11A22 /* Gainz.xcdatamodel */;
			path = Gainz.xcdatamodeld;
			sourceTree = "<group>";
			versionGroupType = wrapper.xcdatamodel;
		};
/* End XCVersionGroup section */
	};
	rootObject = B20C67E61C7E704000D11A22 /* Project object */;
}
